
Microsoft Visual Studio Solution File, Format Version 12.00
Project("{FAE04EC0-301F-11D3-BF4B-00C04F79EFBC}") = "Orders.Api", "Orders.Api\Orders.Api.csproj", "{5D4B749C-9C03-460E-BC77-402334801844}"
EndProject
Project("{FAE04EC0-301F-11D3-BF4B-00C04F79EFBC}") = "Orders.Ui", "Orders.Ui\Orders.Ui.csproj", "{13E9B244-AE5A-4341-9949-CF9C50A2ACFF}"
EndProject
Project("{FAE04EC0-301F-11D3-BF4B-00C04F79EFBC}") = "Orders.Shared", "Orders.Shared\Orders.Shared.csproj", "{7E503F13-C1E1-44EB-81D9-08F72599CFC0}"
EndProject
Global
	GlobalSection(SolutionConfigurationPlatforms) = preSolution
		Debug|Any CPU = Debug|Any CPU
		Release|Any CPU = Release|Any CPU
	EndGlobalSection
	GlobalSection(ProjectConfigurationPlatforms) = postSolution
		{5D4B749C-9C03-460E-BC77-402334801844}.Debug|Any CPU.ActiveCfg = Debug|Any CPU
		{5D4B749C-9C03-460E-BC77-402334801844}.Debug|Any CPU.Build.0 = Debug|Any CPU
		{5D4B749C-9C03-460E-BC77-402334801844}.Release|Any CPU.ActiveCfg = Release|Any CPU
		{5D4B749C-9C03-460E-BC77-402334801844}.Release|Any CPU.Build.0 = Release|Any CPU
		{13E9B244-AE5A-4341-9949-CF9C50A2ACFF}.Debug|Any CPU.ActiveCfg = Debug|Any CPU
		{13E9B244-AE5A-4341-9949-CF9C50A2ACFF}.Debug|Any CPU.Build.0 = Debug|Any CPU
		{13E9B244-AE5A-4341-9949-CF9C50A2ACFF}.Release|Any CPU.ActiveCfg = Release|Any CPU
		{13E9B244-AE5A-4341-9949-CF9C50A2ACFF}.Release|Any CPU.Build.0 = Release|Any CPU
		{7E503F13-C1E1-44EB-81D9-08F72599CFC0}.Debug|Any CPU.ActiveCfg = Debug|Any CPU
		{7E503F13-C1E1-44EB-81D9-08F72599CFC0}.Debug|Any CPU.Build.0 = Debug|Any CPU
		{7E503F13-C1E1-44EB-81D9-08F72599CFC0}.Release|Any CPU.ActiveCfg = Release|Any CPU
		{7E503F13-C1E1-44EB-81D9-08F72599CFC0}.Release|Any CPU.Build.0 = Release|Any CPU
	EndGlobalSection
EndGlobal
